
Microsoft Visual Studio Solution File, Format Version 12.00
# Visual Studio Version 17
VisualStudioVersion = 17.1.32319.34
MinimumVisualStudioVersion = 10.0.40219.1
Project("{2150E333-8FDC-42A3-9474-1A3956D46DE8}") = "src", "src", "{E3ED99D7-C8DC-4E84-A8B6-FC56626BFBB4}"
EndProject
Project("{2150E333-8FDC-42A3-9474-1A3956D46DE8}") = "tests", "tests", "{C7929644-C002-4310-AA63-CCB9D514F8DF}"
EndProject
Project("{2150E333-8FDC-42A3-9474-1A3956D46DE8}") = "Application", "Application", "{AFE5480A-8DF7-4ECB-B8AF-7FA18D849591}"
EndProject
Project("{2150E333-8FDC-42A3-9474-1A3956D46DE8}") = "Domain", "Domain", "{A8F75C4D-7751-45EE-8B01-A5CA58D72744}"
EndProject
Project("{2150E333-8FDC-42A3-9474-1A3956D46DE8}") = "Infrastructure", "Infrastructure", "{13F40B88-F6A3-42B0-8AC0-9A65893E9A74}"
EndProject
Project("{2150E333-8FDC-42A3-9474-1A3956D46DE8}") = "Web", "Web", "{30ECDB1D-BF19-4D12-A32C-77BFA4068749}"
EndProject
Project("{9A19103F-16F7-4668-BE54-9A1E7A4F7556}") = "JDMarketSLn.Web.Api", "src\Web\JDMarketSLn.Web.Api\JDMarketSLn.Web.Api.csproj", "{43347449-6BAA-40D0-A728-A8811563214C}"
EndProject
Project("{9A19103F-16F7-4668-BE54-9A1E7A4F7556}") = "JDMarketSLn.Web.UI", "src\Web\JDMarketSLn.Web.UI\JDMarketSLn.Web.UI.csproj", "{3A520D0C-5EEA-4B91-B4E3-4079D3D70F03}"
EndProject
Project("{FAE04EC0-301F-11D3-BF4B-00C04F79EFBC}") = "JdMarketSln.Infrastructure.Identity", "src\Infrastructure\JdMarketSln.Infrastructure.Identity\JdMarketSln.Infrastructure.Identity.csproj", "{0BF28309-8EE6-43E0-B9F2-A6FB6E1EBC3A}"
EndProject
Project("{FAE04EC0-301F-11D3-BF4B-00C04F79EFBC}") = "JdMarketSln.Infrastructure.Persistence", "src\infrastructure\JdMarketSln.Infrastructure.Persistence\JdMarketSln.Infrastructure.Persistence.csproj", "{BCF82D7A-585B-43CF-9328-16E9FFDBD5BC}"
EndProject
Project("{FAE04EC0-301F-11D3-BF4B-00C04F79EFBC}") = "JdMarketSln.Application", "src\Application\JdMarketSln.Application\JdMarketSln.Application.csproj", "{32BA5144-1013-4224-840A-DF61540434CE}"
EndProject
Project("{FAE04EC0-301F-11D3-BF4B-00C04F79EFBC}") = "JdMarketSln.Domain", "src\Domain\JdMarketSln.Domain\JdMarketSln.Domain.csproj", "{19DCE8D7-EF6B-461C-919B-23C5C2FE8EE7}"
EndProject
Global
	GlobalSection(SolutionConfigurationPlatforms) = preSolution
		Debug|Any CPU = Debug|Any CPU
		Release|Any CPU = Release|Any CPU
	EndGlobalSection
	GlobalSection(ProjectConfigurationPlatforms) = postSolution
		{43347449-6BAA-40D0-A728-A8811563214C}.Debug|Any CPU.ActiveCfg = Debug|Any CPU
		{43347449-6BAA-40D0-A728-A8811563214C}.Debug|Any CPU.Build.0 = Debug|Any CPU
		{43347449-6BAA-40D0-A728-A8811563214C}.Release|Any CPU.ActiveCfg = Release|Any CPU
		{43347449-6BAA-40D0-A728-A8811563214C}.Release|Any CPU.Build.0 = Release|Any CPU
		{3A520D0C-5EEA-4B91-B4E3-4079D3D70F03}.Debug|Any CPU.ActiveCfg = Debug|Any CPU
		{3A520D0C-5EEA-4B91-B4E3-4079D3D70F03}.Debug|Any CPU.Build.0 = Debug|Any CPU
		{3A520D0C-5EEA-4B91-B4E3-4079D3D70F03}.Release|Any CPU.ActiveCfg = Release|Any CPU
		{3A520D0C-5EEA-4B91-B4E3-4079D3D70F03}.Release|Any CPU.Build.0 = Release|Any CPU
		{0BF28309-8EE6-43E0-B9F2-A6FB6E1EBC3A}.Debug|Any CPU.ActiveCfg = Debug|Any CPU
		{0BF28309-8EE6-43E0-B9F2-A6FB6E1EBC3A}.Debug|Any CPU.Build.0 = Debug|Any CPU
		{0BF28309-8EE6-43E0-B9F2-A6FB6E1EBC3A}.Release|Any CPU.ActiveCfg = Release|Any CPU
		{0BF28309-8EE6-43E0-B9F2-A6FB6E1EBC3A}.Release|Any CPU.Build.0 = Release|Any CPU
		{BCF82D7A-585B-43CF-9328-16E9FFDBD5BC}.Debug|Any CPU.ActiveCfg = Debug|Any CPU
		{BCF82D7A-585B-43CF-9328-16E9FFDBD5BC}.Debug|Any CPU.Build.0 = Debug|Any CPU
		{BCF82D7A-585B-43CF-9328-16E9FFDBD5BC}.Release|Any CPU.ActiveCfg = Release|Any CPU
		{BCF82D7A-585B-43CF-9328-16E9FFDBD5BC}.Release|Any CPU.Build.0 = Release|Any CPU
		{32BA5144-1013-4224-840A-DF61540434CE}.Debug|Any CPU.ActiveCfg = Debug|Any CPU
		{32BA5144-1013-4224-840A-DF61540434CE}.Debug|Any CPU.Build.0 = Debug|Any CPU
		{32BA5144-1013-4224-840A-DF61540434CE}.Release|Any CPU.ActiveCfg = Release|Any CPU
		{32BA5144-1013-4224-840A-DF61540434CE}.Release|Any CPU.Build.0 = Release|Any CPU
		{19DCE8D7-EF6B-461C-919B-23C5C2FE8EE7}.Debug|Any CPU.ActiveCfg = Debug|Any CPU
		{19DCE8D7-EF6B-461C-919B-23C5C2FE8EE7}.Debug|Any CPU.Build.0 = Debug|Any CPU
		{19DCE8D7-EF6B-461C-919B-23C5C2FE8EE7}.Release|Any CPU.ActiveCfg = Release|Any CPU
		{19DCE8D7-EF6B-461C-919B-23C5C2FE8EE7}.Release|Any CPU.Build.0 = Release|Any CPU
	EndGlobalSection
	GlobalSection(SolutionProperties) = preSolution
		HideSolutionNode = FALSE
	EndGlobalSection
	GlobalSection(NestedProjects) = preSolution
		{AFE5480A-8DF7-4ECB-B8AF-7FA18D849591} = {E3ED99D7-C8DC-4E84-A8B6-FC56626BFBB4}
		{A8F75C4D-7751-45EE-8B01-A5CA58D72744} = {E3ED99D7-C8DC-4E84-A8B6-FC56626BFBB4}
		{13F40B88-F6A3-42B0-8AC0-9A65893E9A74} = {E3ED99D7-C8DC-4E84-A8B6-FC56626BFBB4}
		{30ECDB1D-BF19-4D12-A32C-77BFA4068749} = {E3ED99D7-C8DC-4E84-A8B6-FC56626BFBB4}
		{43347449-6BAA-40D0-A728-A8811563214C} = {30ECDB1D-BF19-4D12-A32C-77BFA4068749}
		{3A520D0C-5EEA-4B91-B4E3-4079D3D70F03} = {30ECDB1D-BF19-4D12-A32C-77BFA4068749}
		{0BF28309-8EE6-43E0-B9F2-A6FB6E1EBC3A} = {13F40B88-F6A3-42B0-8AC0-9A65893E9A74}
		{BCF82D7A-585B-43CF-9328-16E9FFDBD5BC} = {13F40B88-F6A3-42B0-8AC0-9A65893E9A74}
		{32BA5144-1013-4224-840A-DF61540434CE} = {AFE5480A-8DF7-4ECB-B8AF-7FA18D849591}
		{19DCE8D7-EF6B-461C-919B-23C5C2FE8EE7} = {A8F75C4D-7751-45EE-8B01-A5CA58D72744}
	EndGlobalSection
	GlobalSection(ExtensibilityGlobals) = postSolution
		SolutionGuid = {DDD34E8E-0F30-4F66-9DEA-67F5F89CEC4C}
	EndGlobalSection
EndGlobal
